
Microsoft Visual Studio Solution File, Format Version 12.00
# Visual Studio Version 17
VisualStudioVersion = 17.8.34408.163
MinimumVisualStudioVersion = 10.0.40219.1
Project("{FAE04EC0-301F-11D3-BF4B-00C04F79EFBC}") = "GitOut", "GitOut\GitOut.csproj", "{372B5830-990E-4F45-8B4E-DB69F10C1B4B}"
EndProject
Global
	GlobalSection(SolutionConfigurationPlatforms) = preSolution
		Debug|Any CPU = Debug|Any CPU
		Release|Any CPU = Release|Any CPU
	EndGlobalSection
	GlobalSection(ProjectConfigurationPlatforms) = postSolution
		{372B5830-990E-4F45-8B4E-DB69F10C1B4B}.Debug|Any CPU.ActiveCfg = Debug|Any CPU
		{372B5830-990E-4F45-8B4E-DB69F10C1B4B}.Debug|Any CPU.Build.0 = Debug|Any CPU
		{372B5830-990E-4F45-8B4E-DB69F10C1B4B}.Release|Any CPU.ActiveCfg = Release|Any CPU
		{372B5830-990E-4F45-8B4E-DB69F10C1B4B}.Release|Any CPU.Build.0 = Release|Any CPU
	EndGlobalSection
	GlobalSection(SolutionProperties) = preSolution
		HideSolutionNode = FALSE
	EndGlobalSection
	GlobalSection(ExtensibilityGlobals) = postSolution
		SolutionGuid = {EECA3358-21DA-4E04-B6FF-3043BDE8C851}
	EndGlobalSection
EndGlobal
